
Microsoft Visual Studio Solution File, Format Version 12.00
# Visual Studio Version 17
VisualStudioVersion = 17.11.35327.3
MinimumVisualStudioVersion = 10.0.40219.1
Project("{2150E333-8FDC-42A3-9474-1A3956D46DE8}") = "Api", "Api", "{A14F9DD8-1B4C-4376-A634-6F014114D4D0}"
EndProject
Project("{9A19103F-16F7-4668-BE54-9A1E7A4F7556}") = "SmartStock_Api", "SmartStock_Api\SmartStock_Api.csproj", "{B4D5719B-2CCF-47F3-87F1-AE1F5CB44B3D}"
EndProject
Project("{2150E333-8FDC-42A3-9474-1A3956D46DE8}") = "Application", "Application", "{550B1286-EA46-43AF-A2B4-5C512A12834E}"
EndProject
Project("{2150E333-8FDC-42A3-9474-1A3956D46DE8}") = "Domain", "Domain", "{8E413F02-DA38-48A1-A169-E5E7573EE4F3}"
EndProject
Project("{9A19103F-16F7-4668-BE54-9A1E7A4F7556}") = "SmartStock.Domain.Entities", "SmartStock.Domain\SmartStock.Domain.Entities.csproj", "{48CE43F1-8EB8-47D0-AA5C-A12AD0054EC2}"
EndProject
Project("{9A19103F-16F7-4668-BE54-9A1E7A4F7556}") = "SmartStock.Domain.Interfaces", "SmartStock.Domain.Interfaces\SmartStock.Domain.Interfaces.csproj", "{2D23EB2A-65B0-430D-AFAB-F538AB34835C}"
EndProject
Project("{2150E333-8FDC-42A3-9474-1A3956D46DE8}") = "Infrastructure", "Infrastructure", "{AE3450B6-2C2E-4F76-A3D5-3A3F60B708CA}"
EndProject
Project("{FAE04EC0-301F-11D3-BF4B-00C04F79EFBC}") = "SmartStock.Infrastructure.Data", "SmartStock.Infrastructure.Database\SmartStock.Infrastructure.Data.csproj", "{790049D3-9579-4A36-AFD6-982385EB3128}"
EndProject
Project("{FAE04EC0-301F-11D3-BF4B-00C04F79EFBC}") = "SmartStock.Infrastructure.Repositories", "SmartStock.Infrastructure.Repositories\SmartStock.Infrastructure.Repositories.csproj", "{500B2543-A613-487A-8905-5AF038FAFD24}"
EndProject
Global
	GlobalSection(SolutionConfigurationPlatforms) = preSolution
		Debug|Any CPU = Debug|Any CPU
		Release|Any CPU = Release|Any CPU
	EndGlobalSection
	GlobalSection(ProjectConfigurationPlatforms) = postSolution
		{B4D5719B-2CCF-47F3-87F1-AE1F5CB44B3D}.Debug|Any CPU.ActiveCfg = Debug|Any CPU
		{B4D5719B-2CCF-47F3-87F1-AE1F5CB44B3D}.Debug|Any CPU.Build.0 = Debug|Any CPU
		{B4D5719B-2CCF-47F3-87F1-AE1F5CB44B3D}.Release|Any CPU.ActiveCfg = Release|Any CPU
		{B4D5719B-2CCF-47F3-87F1-AE1F5CB44B3D}.Release|Any CPU.Build.0 = Release|Any CPU
		{48CE43F1-8EB8-47D0-AA5C-A12AD0054EC2}.Debug|Any CPU.ActiveCfg = Debug|Any CPU
		{48CE43F1-8EB8-47D0-AA5C-A12AD0054EC2}.Debug|Any CPU.Build.0 = Debug|Any CPU
		{48CE43F1-8EB8-47D0-AA5C-A12AD0054EC2}.Release|Any CPU.ActiveCfg = Release|Any CPU
		{48CE43F1-8EB8-47D0-AA5C-A12AD0054EC2}.Release|Any CPU.Build.0 = Release|Any CPU
		{2D23EB2A-65B0-430D-AFAB-F538AB34835C}.Debug|Any CPU.ActiveCfg = Debug|Any CPU
		{2D23EB2A-65B0-430D-AFAB-F538AB34835C}.Debug|Any CPU.Build.0 = Debug|Any CPU
		{2D23EB2A-65B0-430D-AFAB-F538AB34835C}.Release|Any CPU.ActiveCfg = Release|Any CPU
		{2D23EB2A-65B0-430D-AFAB-F538AB34835C}.Release|Any CPU.Build.0 = Release|Any CPU
		{790049D3-9579-4A36-AFD6-982385EB3128}.Debug|Any CPU.ActiveCfg = Debug|Any CPU
		{790049D3-9579-4A36-AFD6-982385EB3128}.Debug|Any CPU.Build.0 = Debug|Any CPU
		{790049D3-9579-4A36-AFD6-982385EB3128}.Release|Any CPU.ActiveCfg = Release|Any CPU
		{790049D3-9579-4A36-AFD6-982385EB3128}.Release|Any CPU.Build.0 = Release|Any CPU
		{500B2543-A613-487A-8905-5AF038FAFD24}.Debug|Any CPU.ActiveCfg = Debug|Any CPU
		{500B2543-A613-487A-8905-5AF038FAFD24}.Debug|Any CPU.Build.0 = Debug|Any CPU
		{500B2543-A613-487A-8905-5AF038FAFD24}.Release|Any CPU.ActiveCfg = Release|Any CPU
		{500B2543-A613-487A-8905-5AF038FAFD24}.Release|Any CPU.Build.0 = Release|Any CPU
	EndGlobalSection
	GlobalSection(SolutionProperties) = preSolution
		HideSolutionNode = FALSE
	EndGlobalSection
	GlobalSection(NestedProjects) = preSolution
		{B4D5719B-2CCF-47F3-87F1-AE1F5CB44B3D} = {A14F9DD8-1B4C-4376-A634-6F014114D4D0}
		{48CE43F1-8EB8-47D0-AA5C-A12AD0054EC2} = {8E413F02-DA38-48A1-A169-E5E7573EE4F3}
		{2D23EB2A-65B0-430D-AFAB-F538AB34835C} = {8E413F02-DA38-48A1-A169-E5E7573EE4F3}
		{790049D3-9579-4A36-AFD6-982385EB3128} = {AE3450B6-2C2E-4F76-A3D5-3A3F60B708CA}
		{500B2543-A613-487A-8905-5AF038FAFD24} = {AE3450B6-2C2E-4F76-A3D5-3A3F60B708CA}
	EndGlobalSection
	GlobalSection(ExtensibilityGlobals) = postSolution
		SolutionGuid = {47EA1FA6-60FE-4828-8FA4-F325D4DE86CD}
	EndGlobalSection
EndGlobal
